
Microsoft Visual Studio Solution File, Format Version 12.00
# Visual Studio Version 16
VisualStudioVersion = 16.0.30114.105
MinimumVisualStudioVersion = 10.0.40219.1
Project("{FAE04EC0-301F-11D3-BF4B-00C04F79EFBC}") = "MiniTrade.ConsoleApp", "MiniTrade.ConsoleApp\MiniTrade.ConsoleApp.csproj", "{33655360-6BC6-41B1-B06D-6B2353280A59}"
EndProject
Project("{FAE04EC0-301F-11D3-BF4B-00C04F79EFBC}") = "MiniTrade.ConsoleApp.Tests", "MiniTrade.ConsoleApp.Tests\MiniTrade.ConsoleApp.Tests.csproj", "{DF55FB91-CC47-43E3-91CC-6FBF64EBABCC}"
EndProject
Global
	GlobalSection(SolutionConfigurationPlatforms) = preSolution
		Debug|Any CPU = Debug|Any CPU
		Release|Any CPU = Release|Any CPU
	EndGlobalSection
	GlobalSection(SolutionProperties) = preSolution
		HideSolutionNode = FALSE
	EndGlobalSection
	GlobalSection(ProjectConfigurationPlatforms) = postSolution
		{33655360-6BC6-41B1-B06D-6B2353280A59}.Debug|Any CPU.ActiveCfg = Debug|Any CPU
		{33655360-6BC6-41B1-B06D-6B2353280A59}.Debug|Any CPU.Build.0 = Debug|Any CPU
		{33655360-6BC6-41B1-B06D-6B2353280A59}.Release|Any CPU.ActiveCfg = Release|Any CPU
		{33655360-6BC6-41B1-B06D-6B2353280A59}.Release|Any CPU.Build.0 = Release|Any CPU
		{DF55FB91-CC47-43E3-91CC-6FBF64EBABCC}.Debug|Any CPU.ActiveCfg = Debug|Any CPU
		{DF55FB91-CC47-43E3-91CC-6FBF64EBABCC}.Debug|Any CPU.Build.0 = Debug|Any CPU
		{DF55FB91-CC47-43E3-91CC-6FBF64EBABCC}.Release|Any CPU.ActiveCfg = Release|Any CPU
		{DF55FB91-CC47-43E3-91CC-6FBF64EBABCC}.Release|Any CPU.Build.0 = Release|Any CPU
	EndGlobalSection
EndGlobal
